github.com/emirpasic/gods v1.18.1/go.mod h1:8tpGGwCnJ5H4r6BWwaV6OrWmMoPhUl5jm/FMNAnJvWQ=
github.com/taroim/rdb v0.0.0-20230411080031-693156fc3e2f h1:pfJKo+0lKwV74G16TU1KBDUxftpckKdwv2DFqT+WQjE=
github.com/taroim/rdb v0.0.0-20230411080031-693156fc3e2f/go.mod h1:2PG3/haz/ogbu6g0+Zmu1GdNsTts5p2r514d2Oa/rhI=
github.com/zhuyie/golzf v0.0.0-20161112031142-8387b0307ade h1:bafvQukPrIYwYWcft4rl3WpHo3qO0/voaAgnCwgdhi0=
github.com/zhuyie/golzf v0.0.0-20161112031142-8387b0307ade/go.mod h1:juNhYdla04C276MyU4zR0BA7t90ziLKPwkjDgddGYV0=
